
Microsoft Visual Studio Solution File, Format Version 12.00
# Visual Studio 15
VisualStudioVersion = 15.0.28307.489
MinimumVisualStudioVersion = 10.0.40219.1
Project("{9A19103F-16F7-4668-BE54-9A1E7A4F7556}") = "ConsolidateConditionalDirective", "ConsolidateConditionalDirective\ConsolidateConditionalDirective\ConsolidateConditionalDirective.csproj", "{521E498D-E350-43C5-B9A9-44D0C0B4CE50}"
EndProject
Project("{9A19103F-16F7-4668-BE54-9A1E7A4F7556}") = "ConsolidateConditionalDirective.Test", "ConsolidateConditionalDirective\ConsolidateConditionalDirective.Test\ConsolidateConditionalDirective.Test.csproj", "{FE6598D0-00C8-4D04-B6D7-CB077E85AAC8}"
EndProject
Project("{FAE04EC0-301F-11D3-BF4B-00C04F79EFBC}") = "ConsolidateConditionalDirective.Vsix", "ConsolidateConditionalDirective\ConsolidateConditionalDirective.Vsix\ConsolidateConditionalDirective.Vsix.csproj", "{8D322411-B779-4542-9D35-A043527BE1EB}"
EndProject
Global
	GlobalSection(SolutionConfigurationPlatforms) = preSolution
		Debug|Any CPU = Debug|Any CPU
		Release|Any CPU = Release|Any CPU
	EndGlobalSection
	GlobalSection(ProjectConfigurationPlatforms) = postSolution
		{521E498D-E350-43C5-B9A9-44D0C0B4CE50}.Debug|Any CPU.ActiveCfg = Debug|Any CPU
		{521E498D-E350-43C5-B9A9-44D0C0B4CE50}.Debug|Any CPU.Build.0 = Debug|Any CPU
		{521E498D-E350-43C5-B9A9-44D0C0B4CE50}.Release|Any CPU.ActiveCfg = Release|Any CPU
		{521E498D-E350-43C5-B9A9-44D0C0B4CE50}.Release|Any CPU.Build.0 = Release|Any CPU
		{FE6598D0-00C8-4D04-B6D7-CB077E85AAC8}.Debug|Any CPU.ActiveCfg = Debug|Any CPU
		{FE6598D0-00C8-4D04-B6D7-CB077E85AAC8}.Debug|Any CPU.Build.0 = Debug|Any CPU
		{FE6598D0-00C8-4D04-B6D7-CB077E85AAC8}.Release|Any CPU.ActiveCfg = Release|Any CPU
		{FE6598D0-00C8-4D04-B6D7-CB077E85AAC8}.Release|Any CPU.Build.0 = Release|Any CPU
		{8D322411-B779-4542-9D35-A043527BE1EB}.Debug|Any CPU.ActiveCfg = Debug|Any CPU
		{8D322411-B779-4542-9D35-A043527BE1EB}.Debug|Any CPU.Build.0 = Debug|Any CPU
		{8D322411-B779-4542-9D35-A043527BE1EB}.Release|Any CPU.ActiveCfg = Release|Any CPU
		{8D322411-B779-4542-9D35-A043527BE1EB}.Release|Any CPU.Build.0 = Release|Any CPU
	EndGlobalSection
	GlobalSection(SolutionProperties) = preSolution
		HideSolutionNode = FALSE
	EndGlobalSection
	GlobalSection(ExtensibilityGlobals) = postSolution
		SolutionGuid = {CD802EA8-BD69-42FE-8971-A11B7C2C4977}
	EndGlobalSection
EndGlobal
